
Microsoft Visual Studio Solution File, Format Version 12.00
# Visual Studio Version 16
VisualStudioVersion = 16.0.28606.126
MinimumVisualStudioVersion = 10.0.40219.1
Project("{00D1A9C2-B5F0-4AF3-8072-F6C62B433612}") = "azuredevopsazuresql", "azuredevopsazuresql\azuredevopsazuresql.sqlproj", "{774A4DD3-8FF1-46B2-A957-75D7F79DCE8A}"
EndProject
Project("{151D2E53-A2C4-4D7D-83FE-D05416EBD58E}") = "azuredevopsazuresql.provisioning", "azuredevopsazuresql.provisioning\azuredevopsazuresql.provisioning.deployproj", "{BE97E716-0026-40A4-A9B7-E2F5A7938FD7}"
EndProject
Global
	GlobalSection(SolutionConfigurationPlatforms) = preSolution
		Debug|Any CPU = Debug|Any CPU
		Release|Any CPU = Release|Any CPU
	EndGlobalSection
	GlobalSection(ProjectConfigurationPlatforms) = postSolution
		{774A4DD3-8FF1-46B2-A957-75D7F79DCE8A}.Debug|Any CPU.ActiveCfg = Debug|Any CPU
		{774A4DD3-8FF1-46B2-A957-75D7F79DCE8A}.Debug|Any CPU.Build.0 = Debug|Any CPU
		{774A4DD3-8FF1-46B2-A957-75D7F79DCE8A}.Debug|Any CPU.Deploy.0 = Debug|Any CPU
		{774A4DD3-8FF1-46B2-A957-75D7F79DCE8A}.Release|Any CPU.ActiveCfg = Release|Any CPU
		{774A4DD3-8FF1-46B2-A957-75D7F79DCE8A}.Release|Any CPU.Build.0 = Release|Any CPU
		{774A4DD3-8FF1-46B2-A957-75D7F79DCE8A}.Release|Any CPU.Deploy.0 = Release|Any CPU
		{BE97E716-0026-40A4-A9B7-E2F5A7938FD7}.Debug|Any CPU.ActiveCfg = Debug|Any CPU
		{BE97E716-0026-40A4-A9B7-E2F5A7938FD7}.Debug|Any CPU.Build.0 = Debug|Any CPU
		{BE97E716-0026-40A4-A9B7-E2F5A7938FD7}.Release|Any CPU.ActiveCfg = Release|Any CPU
		{BE97E716-0026-40A4-A9B7-E2F5A7938FD7}.Release|Any CPU.Build.0 = Release|Any CPU
	EndGlobalSection
	GlobalSection(SolutionProperties) = preSolution
		HideSolutionNode = FALSE
	EndGlobalSection
	GlobalSection(ExtensibilityGlobals) = postSolution
		SolutionGuid = {83B78CCE-D7AA-4BD8-9B71-81E65B1C4525}
	EndGlobalSection
EndGlobal
